// !$*UTF8*$!
{
	archiveVersion = 1;
	classes = {
	};
	objectVersion = 50;
	objects = {

/* Begin PBXBuildFile section */
		98E4EC3E2360BDC90086AAA7 /* AppDelegate.swift in Sources */ = {isa = PBXBuildFile; fileRef = 98E4EC3D2360BDC90086AAA7 /* AppDelegate.swift */; };
		98E4EC402360BDC90086AAA7 /* ViewController.swift in Sources */ = {isa = PBXBuildFile; fileRef = 98E4EC3F2360BDC90086AAA7 /* ViewController.swift */; };
		98E4EC432360BDC90086AAA7 /* Main.storyboard in Resources */ = {isa = PBXBuildFile; fileRef = 98E4EC412360BDC90086AAA7 /* Main.storyboard */; };
		98E4EC452360BDCB0086AAA7 /* Assets.xcassets in Resources */ = {isa = PBXBuildFile; fileRef = 98E4EC442360BDCB0086AAA7 /* Assets.xcassets */; };
		98E4EC482360BDCB0086AAA7 /* LaunchScreen.storyboard in Resources */ = {isa = PBXBuildFile; fileRef = 98E4EC462360BDCB0086AAA7 /* LaunchScreen.storyboard */; };
		98E4EC532360BDCB0086AAA7 /* GitTestTests.swift in Sources */ = {isa = PBXBuildFile; fileRef = 98E4EC522360BDCB0086AAA7 /* GitTestTests.swift */; };
		98E4EC5E2360BDCB0086AAA7 /* GitTestUITests.swift in Sources */ = {isa = PBXBuildFile; fileRef = 98E4EC5D2360BDCB0086AAA7 /* GitTestUITests.swift */; };
/* End PBXBuildFile section */

/* Begin PBXContainerItemProxy section */
		98E4EC4F2360BDCB0086AAA7 /* PBXContainerItemProxy */ = {
			isa = PBXContainerItemProxy;
			containerPortal = 98E4EC322360BDC90086AAA7 /* Project object */;
			proxyType = 1;
			remoteGlobalIDString = 98E4EC392360BDC90086AAA7;
			remoteInfo = GitTest;
		};
		98E4EC5A2360BDCB0086AAA7 /* PBXContainerItemProxy */ = {
			isa = PBXContainerItemProxy;
			containerPortal = 98E4EC322360BDC90086AAA7 /* Project object */;
			proxyType = 1;
			remoteGlobalIDString = 98E4EC392360BDC90086AAA7;
			remoteInfo = GitTest;
		};
/* End PBXContainerItemProxy section */

/* Begin PBXFileReference section */
		98E4EC3A2360BDC90086AAA7 /* GitTest.app */ = {isa = PBXFileReference; explicitFileType = wrapper.application; includeInIndex = 0; path = GitTest.app; sourceTree = BUILT_PRODUCTS_DIR; };
		98E4EC3D2360BDC90086AAA7 /* AppDelegate.swift */ = {isa = PBXFileReference; lastKnownFileType = sourcecode.swift; path = AppDelegate.swift; sourceTree = "<group>"; };
		98E4EC3F2360BDC90086AAA7 /* ViewController.swift */ = {isa = PBXFileReference; lastKnownFileType = sourcecode.swift; path = ViewController.swift; sourceTree = "<group>"; };
		98E4EC422360BDC90086AAA7 /* Base */ = {isa = PBXFileReference; lastKnownFileType = file.storyboard; name = Base; path = Base.lproj/Main.storyboard; sourceTree = "<group>"; };
		98E4EC442360BDCB0086AAA7 /* Assets.xcassets */ = {isa = PBXFileReference; lastKnownFileType = folder.assetcatalog; path = Assets.xcassets; sourceTree = "<group>"; };
		98E4EC472360BDCB0086AAA7 /* Base */ = {isa = PBXFileReference; lastKnownFileType = file.storyboard; name = Base; path = Base.lproj/LaunchScreen.storyboard; sourceTree = "<group>"; };
		98E4EC492360BDCB0086AAA7 /* Info.plist */ = {isa = PBXFileReference; lastKnownFileType = text.plist.xml; path = Info.plist; sourceTree = "<group>"; };
		98E4EC4E2360BDCB0086AAA7 /* GitTestTests.xctest */ = {isa = PBXFileReference; explicitFileType = wrapper.cfbundle; includeInIndex = 0; path = GitTestTests.xctest; sourceTree = BUILT_PRODUCTS_DIR; };
		98E4EC522360BDCB0086AAA7 /* GitTestTests.swift */ = {isa = PBXFileReference; lastKnownFileType = sourcecode.swift; path = GitTestTests.swift; sourceTree = "<group>"; };
		98E4EC542360BDCB0086AAA7 /* Info.plist */ = {isa = PBXFileReference; lastKnownFileType = text.plist.xml; path = Info.plist; sourceTree = "<group>"; };
		98E4EC592360BDCB0086AAA7 /* GitTestUITests.xctest */ = {isa = PBXFileReference; explicitFileType = wrapper.cfbundle; includeInIndex = 0; path = GitTestUITests.xctest; sourceTree = BUILT_PRODUCTS_DIR; };
		98E4EC5D2360BDCB0086AAA7 /* GitTestUITests.swift */ = {isa = PBXFileReference; lastKnownFileType = sourcecode.swift; path = GitTestUITests.swift; sourceTree = "<group>"; };
		98E4EC5F2360BDCB0086AAA7 /* Info.plist */ = {isa = PBXFileReference; lastKnownFileType = text.plist.xml; path = Info.plist; sourceTree = "<group>"; };
/* End PBXFileReference section */

/* Begin PBXFrameworksBuildPhase section */
		98E4EC372360BDC90086AAA7 /* Frameworks */ = {
			isa = PBXFrameworksBuildPhase;
			buildActionMask = 2147483647;
			files = (
			);
			runOnlyForDeploymentPostprocessing = 0;
		};
		98E4EC4B2360BDCB0086AAA7 /* Frameworks */ = {
			isa = PBXFrameworksBuildPhase;
			buildActionMask = 2147483647;
			files = (
			);
			runOnlyForDeploymentPostprocessing = 0;
		};
		98E4EC562360BDCB0086AAA7 /* Frameworks */ = {
			isa = PBXFrameworksBuildPhase;
			buildActionMask = 2147483647;
			files = (
			);
			runOnlyForDeploymentPostprocessing = 0;
		};
/* End PBXFrameworksBuildPhase section */

/* Begin PBXGroup section */
		98E4EC312360BDC90086AAA7 = {
			isa = PBXGroup;
			children = (
				98E4EC3C2360BDC90086AAA7 /* GitTest */,
				98E4EC512360BDCB0086AAA7 /* GitTestTests */,
				98E4EC5C2360BDCB0086AAA7 /* GitTestUITests */,
				98E4EC3B2360BDC90086AAA7 /* Products */,
			);
			sourceTree = "<group>";
		};
		98E4EC3B2360BDC90086AAA7 /* Products */ = {
			isa = PBXGroup;
			children = (
				98E4EC3A2360BDC90086AAA7 /* GitTest.app */,
				98E4EC4E2360BDCB0086AAA7 /* GitTestTests.xctest */,
				98E4EC592360BDCB0086AAA7 /* GitTestUITests.xctest */,
			);
			name = Products;
			sourceTree = "<group>";
		};
		98E4EC3C2360BDC90086AAA7 /* GitTest */ = {
			isa = PBXGroup;
			children = (
				98E4EC3D2360BDC90086AAA7 /* AppDelegate.swift */,
				98E4EC3F2360BDC90086AAA7 /* ViewController.swift */,
				98E4EC412360BDC90086AAA7 /* Main.storyboard */,
				98E4EC442360BDCB0086AAA7 /* Assets.xcassets */,
				98E4EC462360BDCB0086AAA7 /* LaunchScreen.storyboard */,
				98E4EC492360BDCB0086AAA7 /* Info.plist */,
			);
			path = GitTest;
			sourceTree = "<group>";
		};
		98E4EC512360BDCB0086AAA7 /* GitTestTests */ = {
			isa = PBXGroup;
			children = (
				98E4EC522360BDCB0086AAA7 /* GitTestTests.swift */,
				98E4EC542360BDCB0086AAA7 /* Info.plist */,
			);
			path = GitTestTests;
			sourceTree = "<group>";
		};
		98E4EC5C2360BDCB0086AAA7 /* GitTestUITests */ = {
			isa = PBXGroup;
			children = (
				98E4EC5D2360BDCB0086AAA7 /* GitTestUITests.swift */,
				98E4EC5F2360BDCB0086AAA7 /* Info.plist */,
			);
			path = GitTestUITests;
			sourceTree = "<group>";
		};
/* End PBXGroup section */

/* Begin PBXNativeTarget section */
		98E4EC392360BDC90086AAA7 /* GitTest */ = {
			isa = PBXNativeTarget;
			buildConfigurationList = 98E4EC622360BDCB0086AAA7 /* Build configuration list for PBXNativeTarget "GitTest" */;
			buildPhases = (
				98E4EC362360BDC90086AAA7 /* Sources */,
				98E4EC372360BDC90086AAA7 /* Frameworks */,
				98E4EC382360BDC90086AAA7 /* Resources */,
			);
			buildRules = (
			);
			dependencies = (
			);
			name = GitTest;
			productName = GitTest;
			productReference = 98E4EC3A2360BDC90086AAA7 /* GitTest.app */;
			productType = "com.apple.product-type.application";
		};
		98E4EC4D2360BDCB0086AAA7 /* GitTestTests */ = {
			isa = PBXNativeTarget;
			buildConfigurationList = 98E4EC652360BDCB0086AAA7 /* Build configuration list for PBXNativeTarget "GitTestTests" */;
			buildPhases = (
				98E4EC4A2360BDCB0086AAA7 /* Sources */,
				98E4EC4B2360BDCB0086AAA7 /* Frameworks */,
				98E4EC4C2360BDCB0086AAA7 /* Resources */,
			);
			buildRules = (
			);
			dependencies = (
				98E4EC502360BDCB0086AAA7 /* PBXTargetDependency */,
			);
			name = GitTestTests;
			productName = GitTestTests;
			productReference = 98E4EC4E2360BDCB0086AAA7 /* GitTestTests.xctest */;
			productType = "com.apple.product-type.bundle.unit-test";
		};
		98E4EC582360BDCB0086AAA7 /* GitTestUITests */ = {
			isa = PBXNativeTarget;
			buildConfigurationList = 98E4EC682360BDCB0086AAA7 /* Build configuration list for PBXNativeTarget "GitTestUITests" */;
			buildPhases = (
				98E4EC552360BDCB0086AAA7 /* Sources */,
				98E4EC562360BDCB0086AAA7 /* Frameworks */,
				98E4EC572360BDCB0086AAA7 /* Resources */,
			);
			buildRules = (
			);
			dependencies = (
				98E4EC5B2360BDCB0086AAA7 /* PBXTargetDependency */,
			);
			name = GitTestUITests;
			productName = GitTestUITests;
			productReference = 98E4EC592360BDCB0086AAA7 /* GitTestUITests.xctest */;
			productType = "com.apple.product-type.bundle.ui-testing";
		};
/* End PBXNativeTarget section */

/* Begin PBXProject section */
		98E4EC322360BDC90086AAA7 /* Project object */ = {
			isa = PBXProject;
			attributes = {
				LastSwiftUpdateCheck = 1020;
				LastUpgradeCheck = 1020;
				ORGANIZATIONNAME = "Kelvin Vazquez";
				TargetAttributes = {
					98E4EC392360BDC90086AAA7 = {
						CreatedOnToolsVersion = 10.2.1;
					};
					98E4EC4D2360BDCB0086AAA7 = {
						CreatedOnToolsVersion = 10.2.1;
						TestTargetID = 98E4EC392360BDC90086AAA7;
					};
					98E4EC582360BDCB0086AAA7 = {
						CreatedOnToolsVersion = 10.2.1;
						TestTargetID = 98E4EC392360BDC90086AAA7;
					};
				};
			};
			buildConfigurationList = 98E4EC352360BDC90086AAA7 /* Build configuration list for PBXProject "GitTest" */;
			compatibilityVersion = "Xcode 9.3";
			developmentRegion = en;
			hasScannedForEncodings = 0;
			knownRegions = (
				en,
				Base,
			);
			mainGroup = 98E4EC312360BDC90086AAA7;
			productRefGroup = 98E4EC3B2360BDC90086AAA7 /* Products */;
			projectDirPath = "";
			projectRoot = "";
			targets = (
				98E4EC392360BDC90086AAA7 /* GitTest */,
				98E4EC4D2360BDCB0086AAA7 /* GitTestTests */,
				98E4EC582360BDCB0086AAA7 /* GitTestUITests */,
			);
		};
/* End PBXProject section */

/* Begin PBXResourcesBuildPhase section */
		98E4EC382360BDC90086AAA7 /* Resources */ = {
			isa = PBXResourcesBuildPhase;
			buildActionMask = 2147483647;
			files = (
				98E4EC482360BDCB0086AAA7 /* LaunchScreen.storyboard in Resources */,
				98E4EC452360BDCB0086AAA7 /* Assets.xcassets in Resources */,
				98E4EC432360BDC90086AAA7 /* Main.storyboard in Resources */,
			);
			runOnlyForDeploymentPostprocessing = 0;
		};
		98E4EC4C2360BDCB0086AAA7 /* Resources */ = {
			isa = PBXResourcesBuildPhase;
			buildActionMask = 2147483647;
			files = (
			);
			runOnlyForDeploymentPostprocessing = 0;
		};
		98E4EC572360BDCB0086AAA7 /* Resources */ = {
			isa = PBXResourcesBuildPhase;
			buildActionMask = 2147483647;
			files = (
			);
			runOnlyForDeploymentPostprocessing = 0;
		};
/* End PBXResourcesBuildPhase section */

/* Begin PBXSourcesBuildPhase section */
		98E4EC362360BDC90086AAA7 /* Sources */ = {
			isa = PBXSourcesBuildPhase;
			buildActionMask = 2147483647;
			files = (
				98E4EC402360BDC90086AAA7 /* ViewController.swift in Sources */,
				98E4EC3E2360BDC90086AAA7 /* AppDelegate.swift in Sources */,
			);
			runOnlyForDeploymentPostprocessing = 0;
		};
		98E4EC4A2360BDCB0086AAA7 /* Sources */ = {
			isa = PBXSourcesBuildPhase;
			buildActionMask = 2147483647;
			files = (
				98E4EC532360BDCB0086AAA7 /* GitTestTests.swift in Sources */,
			);
			runOnlyForDeploymentPostprocessing = 0;
		};
		98E4EC552360BDCB0086AAA7 /* Sources */ = {
			isa = PBXSourcesBuildPhase;
			buildActionMask = 2147483647;
			files = (
				98E4EC5E2360BDCB0086AAA7 /* GitTestUITests.swift in Sources */,
			);
			runOnlyForDeploymentPostprocessing = 0;
		};
/* End PBXSourcesBuildPhase section */

/* Begin PBXTargetDependency section */
		98E4EC502360BDCB0086AAA7 /* PBXTargetDependency */ = {
			isa = PBXTargetDependency;
			target = 98E4EC392360BDC90086AAA7 /* GitTest */;
			targetProxy = 98E4EC4F2360BDCB0086AAA7 /* PBXContainerItemProxy */;
		};
		98E4EC5B2360BDCB0086AAA7 /* PBXTargetDependency */ = {
			isa = PBXTargetDependency;
			target = 98E4EC392360BDC90086AAA7 /* GitTest */;
			targetProxy = 98E4EC5A2360BDCB0086AAA7 /* PBXContainerItemProxy */;
		};
/* End PBXTargetDependency section */

/* Begin PBXVariantGroup section */
		98E4EC412360BDC90086AAA7 /* Main.storyboard */ = {
			isa = PBXVariantGroup;
			children = (
				98E4EC422360BDC90086AAA7 /* Base */,
			);
			name = Main.storyboard;
			sourceTree = "<group>";
		};
		98E4EC462360BDCB0086AAA7 /* LaunchScreen.storyboard */ = {
			isa = PBXVariantGroup;
			children = (
				98E4EC472360BDCB0086AAA7 /* Base */,
			);
			name = LaunchScreen.storyboard;
			sourceTree = "<group>";
		};
/* End PBXVariantGroup section */

/* Begin XCBuildConfiguration section */
		98E4EC602360BDCB0086AAA7 /* Debug */ = {
			isa = XCBuildConfiguration;
			buildSettings = {
				ALWAYS_SEARCH_USER_PATHS = NO;
				CLANG_ANALYZER_NONNULL = YES;
				CLANG_ANALYZER_NUMBER_OBJECT_CONVERSION = YES_AGGRESSIVE;
				CLANG_CXX_LANGUAGE_STANDARD = "gnu++14";
				CLANG_CXX_LIBRARY = "libc++";
				CLANG_ENABLE_MODULES = YES;
				CLANG_ENABLE_OBJC_ARC = YES;
				CLANG_ENABLE_OBJC_WEAK = YES;
				CLANG_WARN_BLOCK_CAPTURE_AUTORELEASING = YES;
				CLANG_WARN_BOOL_CONVERSION = YES;
				CLANG_WARN_COMMA = YES;
				CLANG_WARN_CONSTANT_CONVERSION = YES;
				CLANG_WARN_DEPRECATED_OBJC_IMPLEMENTATIONS = YES;
				CLANG_WARN_DIRECT_OBJC_ISA_USAGE = YES_ERROR;
				CLANG_WARN_DOCUMENTATION_COMMENTS = YES;
				CLANG_WARN_EMPTY_BODY = YES;
				CLANG_WARN_ENUM_CONVERSION = YES;
				CLANG_WARN_INFINITE_RECURSION = YES;
				CLANG_WARN_INT_CONVERSION = YES;
				CLANG_WARN_NON_LITERAL_NULL_CONVERSION = YES;
				CLANG_WARN_OBJC_IMPLICIT_RETAIN_SELF = YES;
				CLANG_WARN_OBJC_LITERAL_CONVERSION = YES;
				CLANG_WARN_OBJC_ROOT_CLASS = YES_ERROR;
				CLANG_WARN_RANGE_LOOP_ANALYSIS = YES;
				CLANG_WARN_STRICT_PROTOTYPES = YES;
				CLANG_WARN_SUSPICIOUS_MOVE = YES;
				CLANG_WARN_UNGUARDED_AVAILABILITY = YES_AGGRESSIVE;
				CLANG_WARN_UNREACHABLE_CODE = YES;
				CLANG_WARN__DUPLICATE_METHOD_MATCH = YES;
				CODE_SIGN_IDENTITY = "iPhone Developer";
				COPY_PHASE_STRIP = NO;
				DEBUG_INFORMATION_FORMAT = dwarf;
				ENABLE_STRICT_OBJC_MSGSEND = YES;
				ENABLE_TESTABILITY = YES;
				GCC_C_LANGUAGE_STANDARD = gnu11;
				GCC_DYNAMIC_NO_PIC = NO;
				GCC_NO_COMMON_BLOCKS = YES;
				GCC_OPTIMIZATION_LEVEL = 0;
				GCC_PREPROCESSOR_DEFINITIONS = (
					"DEBUG=1",
					"$(inherited)",
				);
				GCC_WARN_64_TO_32_BIT_CONVERSION = YES;
				GCC_WARN_ABOUT_RETURN_TYPE = YES_ERROR;
				GCC_WARN_UNDECLARED_SELECTOR = YES;
				GCC_WARN_UNINITIALIZED_AUTOS = YES_AGGRESSIVE;
				GCC_WARN_UNUSED_FUNCTION = YES;
				GCC_WARN_UNUSED_VARIABLE = YES;
				IPHONEOS_DEPLOYMENT_TARGET = 12.2;
				MTL_ENABLE_DEBUG_INFO = INCLUDE_SOURCE;
				MTL_FAST_MATH = YES;
				ONLY_ACTIVE_ARCH = YES;
				SDKROOT = iphoneos;
				SWIFT_ACTIVE_COMPILATION_CONDITIONS = DEBUG;
				SWIFT_OPTIMIZATION_LEVEL = "-Onone";
			};
			name = Debug;
		};
		98E4EC612360BDCB0086AAA7 /* Release */ = {
			isa = XCBuildConfiguration;
			buildSettings = {
				ALWAYS_SEARCH_USER_PATHS = NO;
				CLANG_ANALYZER_NONNULL = YES;
				CLANG_ANALYZER_NUMBER_OBJECT_CONVERSION = YES_AGGRESSIVE;
				CLANG_CXX_LANGUAGE_STANDARD = "gnu++14";
				CLANG_CXX_LIBRARY = "libc++";
				CLANG_ENABLE_MODULES = YES;
				CLANG_ENABLE_OBJC_ARC = YES;
				CLANG_ENABLE_OBJC_WEAK = YES;
				CLANG_WARN_BLOCK_CAPTURE_AUTORELEASING = YES;
				CLANG_WARN_BOOL_CONVERSION = YES;
				CLANG_WARN_COMMA = YES;
				CLANG_WARN_CONSTANT_CONVERSION = YES;
				CLANG_WARN_DEPRECATED_OBJC_IMPLEMENTATIONS = YES;
				CLANG_WARN_DIRECT_OBJC_ISA_USAGE = YES_ERROR;
				CLANG_WARN_DOCUMENTATION_COMMENTS = YES;
				CLANG_WARN_EMPTY_BODY = YES;
				CLANG_WARN_ENUM_CONVERSION = YES;
				CLANG_WARN_INFINITE_RECURSION = YES;
				CLANG_WARN_INT_CONVERSION = YES;
				CLANG_WARN_NON_LITERAL_NULL_CONVERSION = YES;
				CLANG_WARN_OBJC_IMPLICIT_RETAIN_SELF = YES;
				CLANG_WARN_OBJC_LITERAL_CONVERSION = YES;
				CLANG_WARN_OBJC_ROOT_CLASS = YES_ERROR;
				CLANG_WARN_RANGE_LOOP_ANALYSIS = YES;
				CLANG_WARN_STRICT_PROTOTYPES = YES;
				CLANG_WARN_SUSPICIOUS_MOVE = YES;
				CLANG_WARN_UNGUARDED_AVAILABILITY = YES_AGGRESSIVE;
				CLANG_WARN_UNREACHABLE_CODE = YES;
				CLANG_WARN__DUPLICATE_METHOD_MATCH = YES;
				CODE_SIGN_IDENTITY = "iPhone Developer";
				COPY_PHASE_STRIP = NO;
				DEBUG_INFORMATION_FORMAT = "dwarf-with-dsym";
				ENABLE_NS_ASSERTIONS = NO;
				ENABLE_STRICT_OBJC_MSGSEND = YES;
				GCC_C_LANGUAGE_STANDARD = gnu11;
				GCC_NO_COMMON_BLOCKS = YES;
				GCC_WARN_64_TO_32_BIT_CONVERSION = YES;
				GCC_WARN_ABOUT_RETURN_TYPE = YES_ERROR;
				GCC_WARN_UNDECLARED_SELECTOR = YES;
				GCC_WARN_UNINITIALIZED_AUTOS = YES_AGGRESSIVE;
				GCC_WARN_UNUSED_FUNCTION = YES;
				GCC_WARN_UNUSED_VARIABLE = YES;
				IPHONEOS_DEPLOYMENT_TARGET = 12.2;
				MTL_ENABLE_DEBUG_INFO = NO;
				MTL_FAST_MATH = YES;
				SDKROOT = iphoneos;
				SWIFT_COMPILATION_MODE = wholemodule;
				SWIFT_OPTIMIZATION_LEVEL = "-O";
				VALIDATE_PRODUCT = YES;
			};
			name = Release;
		};
		98E4EC632360BDCB0086AAA7 /* Debug */ = {
			isa = XCBuildConfiguration;
			buildSettings = {
				ASSETCATALOG_COMPILER_APPICON_NAME = AppIcon;
				CODE_SIGN_STYLE = Automatic;
				INFOPLIST_FILE = GitTest/Info.plist;
				LD_RUNPATH_SEARCH_PATHS = (
					"$(inherited)",
					"@executable_path/Frameworks",
				);
				PRODUCT_BUNDLE_IDENTIFIER = Kelvin.GitTest;
				PRODUCT_NAME = "$(TARGET_NAME)";
				SWIFT_VERSION = 5.0;
				TARGETED_DEVICE_FAMILY = "1,2";
			};
			name = Debug;
		};
		98E4EC642360BDCB0086AAA7 /* Release */ = {
			isa = XCBuildConfiguration;
			buildSettings = {
				ASSETCATALOG_COMPILER_APPICON_NAME = AppIcon;
				CODE_SIGN_STYLE = Automatic;
				INFOPLIST_FILE = GitTest/Info.plist;
				LD_RUNPATH_SEARCH_PATHS = (
					"$(inherited)",
					"@executable_path/Frameworks",
				);
				PRODUCT_BUNDLE_IDENTIFIER = Kelvin.GitTest;
				PRODUCT_NAME = "$(TARGET_NAME)";
				SWIFT_VERSION = 5.0;
				TARGETED_DEVICE_FAMILY = "1,2";
			};
			name = Release;
		};
		98E4EC662360BDCB0086AAA7 /* Debug */ = {
			isa = XCBuildConfiguration;
			buildSettings = {
				ALWAYS_EMBED_SWIFT_STANDARD_LIBRARIES = YES;
				BUNDLE_LOADER = "$(TEST_HOST)";
				CODE_SIGN_STYLE = Automatic;
				INFOPLIST_FILE = GitTestTests/Info.plist;
				LD_RUNPATH_SEARCH_PATHS = (
					"$(inherited)",
					"@executable_path/Frameworks",
					"@loader_path/Frameworks",
				);
				PRODUCT_BUNDLE_IDENTIFIER = Kelvin.GitTestTests;
				PRODUCT_NAME = "$(TARGET_NAME)";
				SWIFT_VERSION = 5.0;
				TARGETED_DEVICE_FAMILY = "1,2";
				TEST_HOST = "$(BUILT_PRODUCTS_DIR)/GitTest.app/GitTest";
			};
			name = Debug;
		};
		98E4EC672360BDCB0086AAA7 /* Release */ = {
			isa = XCBuildConfiguration;
			buildSettings = {
				ALWAYS_EMBED_SWIFT_STANDARD_LIBRARIES = YES;
				BUNDLE_LOADER = "$(TEST_HOST)";
				CODE_SIGN_STYLE = Automatic;
				INFOPLIST_FILE = GitTestTests/Info.plist;
				LD_RUNPATH_SEARCH_PATHS = (
					"$(inherited)",
					"@executable_path/Frameworks",
					"@loader_path/Frameworks",
				);
				PRODUCT_BUNDLE_IDENTIFIER = Kelvin.GitTestTests;
				PRODUCT_NAME = "$(TARGET_NAME)";
				SWIFT_VERSION = 5.0;
				TARGETED_DEVICE_FAMILY = "1,2";
				TEST_HOST = "$(BUILT_PRODUCTS_DIR)/GitTest.app/GitTest";
			};
			name = Release;
		};
		98E4EC692360BDCB0086AAA7 /* Debug */ = {
			isa = XCBuildConfiguration;
			buildSettings = {
				ALWAYS_EMBED_SWIFT_STANDARD_LIBRARIES = YES;
				CODE_SIGN_STYLE = Automatic;
				INFOPLIST_FILE = GitTestUITests/Info.plist;
				LD_RUNPATH_SEARCH_PATHS = (
					"$(inherited)",
					"@executable_path/Frameworks",
					"@loader_path/Frameworks",
				);
				PRODUCT_BUNDLE_IDENTIFIER = Kelvin.GitTestUITests;
				PRODUCT_NAME = "$(TARGET_NAME)";
				SWIFT_VERSION = 5.0;
				TARGETED_DEVICE_FAMILY = "1,2";
				TEST_TARGET_NAME = GitTest;
			};
			name = Debug;
		};
		98E4EC6A2360BDCB0086AAA7 /* Release */ = {
			isa = XCBuildConfiguration;
			buildSettings = {
				ALWAYS_EMBED_SWIFT_STANDARD_LIBRARIES = YES;
				CODE_SIGN_STYLE = Automatic;
				INFOPLIST_FILE = GitTestUITests/Info.plist;
				LD_RUNPATH_SEARCH_PATHS = (
					"$(inherited)",
					"@executable_path/Frameworks",
					"@loader_path/Frameworks",
				);
				PRODUCT_BUNDLE_IDENTIFIER = Kelvin.GitTestUITests;
				PRODUCT_NAME = "$(TARGET_NAME)";
				SWIFT_VERSION = 5.0;
				TARGETED_DEVICE_FAMILY = "1,2";
				TEST_TARGET_NAME = GitTest;
			};
			name = Release;
		};
/* End XCBuildConfiguration section */

/* Begin XCConfigurationList section */
		98E4EC352360BDC90086AAA7 /* Build configuration list for PBXProject "GitTest" */ = {
			isa = XCConfigurationList;
			buildConfigurations = (
				98E4EC602360BDCB0086AAA7 /* Debug */,
				98E4EC612360BDCB0086AAA7 /* Release */,
			);
			defaultConfigurationIsVisible = 0;
			defaultConfigurationName = Release;
		};
		98E4EC622360BDCB0086AAA7 /* Build configuration list for PBXNativeTarget "GitTest" */ = {
			isa = XCConfigurationList;
			buildConfigurations = (
				98E4EC632360BDCB0086AAA7 /* Debug */,
				98E4EC642360BDCB0086AAA7 /* Release */,
			);
			defaultConfigurationIsVisible = 0;
			defaultConfigurationName = Release;
		};
		98E4EC652360BDCB0086AAA7 /* Build configuration list for PBXNativeTarget "GitTestTests" */ = {
			isa = XCConfigurationList;
			buildConfigurations = (
				98E4EC662360BDCB0086AAA7 /* Debug */,
				98E4EC672360BDCB0086AAA7 /* Release */,
			);
			defaultConfigurationIsVisible = 0;
			defaultConfigurationName = Release;
		};
		98E4EC682360BDCB0086AAA7 /* Build configuration list for PBXNativeTarget "GitTestUITests" */ = {
			isa = XCConfigurationList;
			buildConfigurations = (
				98E4EC692360BDCB0086AAA7 /* Debug */,
				98E4EC6A2360BDCB0086AAA7 /* Release */,
			);
			defaultConfigurationIsVisible = 0;
			defaultConfigurationName = Release;
		};
/* End XCConfigurationList section */
	};
	rootObject = 98E4EC322360BDC90086AAA7 /* Project object */;
}
